// !$*UTF8*$!
{
	archiveVersion = 1;
	classes = {
	};
	objectVersion = 46;
	objects = {

/* Begin PBXBuildFile section */
		151D06C316405E810009982B /* CFNetwork.framework in Frameworks */ = {isa = PBXBuildFile; fileRef = 151D06C216405E810009982B /* CFNetwork.framework */; };
		151D06C616405E990009982B /* SystemConfiguration.framework in Frameworks */ = {isa = PBXBuildFile; fileRef = 151D06C516405E990009982B /* SystemConfiguration.framework */; };
		151D06C816405EA00009982B /* MobileCoreServices.framework in Frameworks */ = {isa = PBXBuildFile; fileRef = 151D06C716405EA00009982B /* MobileCoreServices.framework */; };
		151D06CA16405EB30009982B /* libz.dylib in Frameworks */ = {isa = PBXBuildFile; fileRef = 151D06C916405EB30009982B /* libz.dylib */; };
		3B18FA67160BA2B0008B0A8A /* UIKit.framework in Frameworks */ = {isa = PBXBuildFile; fileRef = 3B18FA66160BA2B0008B0A8A /* UIKit.framework */; };
		3B18FA69160BA2B0008B0A8A /* Foundation.framework in Frameworks */ = {isa = PBXBuildFile; fileRef = 3B18FA68160BA2B0008B0A8A /* Foundation.framework */; };
		3B18FA6B160BA2B0008B0A8A /* CoreGraphics.framework in Frameworks */ = {isa = PBXBuildFile; fileRef = 3B18FA6A160BA2B0008B0A8A /* CoreGraphics.framework */; };
		3B18FA71160BA2B0008B0A8A /* InfoPlist.strings in Resources */ = {isa = PBXBuildFile; fileRef = 3B18FA6F160BA2B0008B0A8A /* InfoPlist.strings */; };
		3B18FA73160BA2B0008B0A8A /* main.m in Sources */ = {isa = PBXBuildFile; fileRef = 3B18FA72160BA2B0008B0A8A /* main.m */; };
		3B18FA77160BA2B0008B0A8A /* dotExAppDelegate.m in Sources */ = {isa = PBXBuildFile; fileRef = 3B18FA76160BA2B0008B0A8A /* dotExAppDelegate.m */; };
		3B18FA7A160BA2B0008B0A8A /* MainStoryboard.storyboard in Resources */ = {isa = PBXBuildFile; fileRef = 3B18FA78160BA2B0008B0A8A /* MainStoryboard.storyboard */; };
		3B18FA7D160BA2B0008B0A8A /* dotExViewController.m in Sources */ = {isa = PBXBuildFile; fileRef = 3B18FA7C160BA2B0008B0A8A /* dotExViewController.m */; };
		3B18FA85160BA2B0008B0A8A /* SenTestingKit.framework in Frameworks */ = {isa = PBXBuildFile; fileRef = 3B18FA84160BA2B0008B0A8A /* SenTestingKit.framework */; };
		3B18FA86160BA2B0008B0A8A /* UIKit.framework in Frameworks */ = {isa = PBXBuildFile; fileRef = 3B18FA66160BA2B0008B0A8A /* UIKit.framework */; };
		3B18FA87160BA2B0008B0A8A /* Foundation.framework in Frameworks */ = {isa = PBXBuildFile; fileRef = 3B18FA68160BA2B0008B0A8A /* Foundation.framework */; };
		3B18FA8F160BA2B0008B0A8A /* InfoPlist.strings in Resources */ = {isa = PBXBuildFile; fileRef = 3B18FA8D160BA2B0008B0A8A /* InfoPlist.strings */; };
		3B18FA92160BA2B0008B0A8A /* dotExTests.m in Sources */ = {isa = PBXBuildFile; fileRef = 3B18FA91160BA2B0008B0A8A /* dotExTests.m */; };
/* End PBXBuildFile section */

/* Begin PBXContainerItemProxy section */
		3B18FA88160BA2B0008B0A8A /* PBXContainerItemProxy */ = {
			isa = PBXContainerItemProxy;
			containerPortal = 3B18FA59160BA2B0008B0A8A /* Project object */;
			proxyType = 1;
			remoteGlobalIDString = 3B18FA61160BA2B0008B0A8A;
			remoteInfo = dotEx;
		};
/* End PBXContainerItemProxy section */

/* Begin PBXFileReference section */
		151D06C216405E810009982B /* CFNetwork.framework */ = {isa = PBXFileReference; lastKnownFileType = wrapper.framework; name = CFNetwork.framework; path = System/Library/Frameworks/CFNetwork.framework; sourceTree = SDKROOT; };
		151D06C516405E990009982B /* SystemConfiguration.framework */ = {isa = PBXFileReference; lastKnownFileType = wrapper.framework; name = SystemConfiguration.framework; path = System/Library/Frameworks/SystemConfiguration.framework; sourceTree = SDKROOT; };
		151D06C716405EA00009982B /* MobileCoreServices.framework */ = {isa = PBXFileReference; lastKnownFileType = wrapper.framework; name = MobileCoreServices.framework; path = System/Library/Frameworks/MobileCoreServices.framework; sourceTree = SDKROOT; };
		151D06C916405EB30009982B /* libz.dylib */ = {isa = PBXFileReference; lastKnownFileType = "compiled.mach-o.dylib"; name = libz.dylib; path = usr/lib/libz.dylib; sourceTree = SDKROOT; };
		3B18FA62160BA2B0008B0A8A /* dotEx.app */ = {isa = PBXFileReference; explicitFileType = wrapper.application; includeInIndex = 0; path = dotEx.app; sourceTree = BUILT_PRODUCTS_DIR; };
		3B18FA66160BA2B0008B0A8A /* UIKit.framework */ = {isa = PBXFileReference; lastKnownFileType = wrapper.framework; name = UIKit.framework; path = System/Library/Frameworks/UIKit.framework; sourceTree = SDKROOT; };
		3B18FA68160BA2B0008B0A8A /* Foundation.framework */ = {isa = PBXFileReference; lastKnownFileType = wrapper.framework; name = Foundation.framework; path = System/Library/Frameworks/Foundation.framework; sourceTree = SDKROOT; };
		3B18FA6A160BA2B0008B0A8A /* CoreGraphics.framework */ = {isa = PBXFileReference; lastKnownFileType = wrapper.framework; name = CoreGraphics.framework; path = System/Library/Frameworks/CoreGraphics.framework; sourceTree = SDKROOT; };
		3B18FA6E160BA2B0008B0A8A /* dotEx-Info.plist */ = {isa = PBXFileReference; lastKnownFileType = text.plist.xml; path = "dotEx-Info.plist"; sourceTree = "<group>"; };
		3B18FA70160BA2B0008B0A8A /* en */ = {isa = PBXFileReference; lastKnownFileType = text.plist.strings; name = en; path = en.lproj/InfoPlist.strings; sourceTree = "<group>"; };
		3B18FA72160BA2B0008B0A8A /* main.m */ = {isa = PBXFileReference; lastKnownFileType = sourcecode.c.objc; path = main.m; sourceTree = "<group>"; };
		3B18FA74160BA2B0008B0A8A /* dotEx-Prefix.pch */ = {isa = PBXFileReference; lastKnownFileType = sourcecode.c.h; path = "dotEx-Prefix.pch"; sourceTree = "<group>"; };
		3B18FA75160BA2B0008B0A8A /* dotExAppDelegate.h */ = {isa = PBXFileReference; lastKnownFileType = sourcecode.c.h; path = dotExAppDelegate.h; sourceTree = "<group>"; };
		3B18FA76160BA2B0008B0A8A /* dotExAppDelegate.m */ = {isa = PBXFileReference; lastKnownFileType = sourcecode.c.objc; path = dotExAppDelegate.m; sourceTree = "<group>"; };
		3B18FA79160BA2B0008B0A8A /* en */ = {isa = PBXFileReference; lastKnownFileType = file.storyboard; name = en; path = en.lproj/MainStoryboard.storyboard; sourceTree = "<group>"; };
		3B18FA7B160BA2B0008B0A8A /* dotExViewController.h */ = {isa = PBXFileReference; lastKnownFileType = sourcecode.c.h; path = dotExViewController.h; sourceTree = "<group>"; };
		3B18FA7C160BA2B0008B0A8A /* dotExViewController.m */ = {isa = PBXFileReference; lastKnownFileType = sourcecode.c.objc; path = dotExViewController.m; sourceTree = "<group>"; };
		3B18FA83160BA2B0008B0A8A /* dotExTests.octest */ = {isa = PBXFileReference; explicitFileType = wrapper.cfbundle; includeInIndex = 0; path = dotExTests.octest; sourceTree = BUILT_PRODUCTS_DIR; };
		3B18FA84160BA2B0008B0A8A /* SenTestingKit.framework */ = {isa = PBXFileReference; lastKnownFileType = wrapper.framework; name = SenTestingKit.framework; path = Library/Frameworks/SenTestingKit.framework; sourceTree = DEVELOPER_DIR; };
		3B18FA8C160BA2B0008B0A8A /* dotExTests-Info.plist */ = {isa = PBXFileReference; lastKnownFileType = text.plist.xml; path = "dotExTests-Info.plist"; sourceTree = "<group>"; };
		3B18FA8E160BA2B0008B0A8A /* en */ = {isa = PBXFileReference; lastKnownFileType = text.plist.strings; name = en; path = en.lproj/InfoPlist.strings; sourceTree = "<group>"; };
		3B18FA90160BA2B0008B0A8A /* dotExTests.h */ = {isa = PBXFileReference; lastKnownFileType = sourcecode.c.h; path = dotExTests.h; sourceTree = "<group>"; };
		3B18FA91160BA2B0008B0A8A /* dotExTests.m */ = {isa = PBXFileReference; lastKnownFileType = sourcecode.c.objc; path = dotExTests.m; sourceTree = "<group>"; };
/* End PBXFileReference section */

/* Begin PBXFrameworksBuildPhase section */
		3B18FA5F160BA2B0008B0A8A /* Frameworks */ = {
			isa = PBXFrameworksBuildPhase;
			buildActionMask = 2147483647;
			files = (
				151D06C616405E990009982B /* SystemConfiguration.framework in Frameworks */,
				151D06C316405E810009982B /* CFNetwork.framework in Frameworks */,
				151D06C816405EA00009982B /* MobileCoreServices.framework in Frameworks */,
				151D06CA16405EB30009982B /* libz.dylib in Frameworks */,
				3B18FA6B160BA2B0008B0A8A /* CoreGraphics.framework in Frameworks */,
				3B18FA67160BA2B0008B0A8A /* UIKit.framework in Frameworks */,
				3B18FA69160BA2B0008B0A8A /* Foundation.framework in Frameworks */,
			);
			runOnlyForDeploymentPostprocessing = 0;
		};
		3B18FA7F160BA2B0008B0A8A /* Frameworks */ = {
			isa = PBXFrameworksBuildPhase;
			buildActionMask = 2147483647;
			files = (
				3B18FA85160BA2B0008B0A8A /* SenTestingKit.framework in Frameworks */,
				3B18FA86160BA2B0008B0A8A /* UIKit.framework in Frameworks */,
				3B18FA87160BA2B0008B0A8A /* Foundation.framework in Frameworks */,
			);
			runOnlyForDeploymentPostprocessing = 0;
		};
/* End PBXFrameworksBuildPhase section */

/* Begin PBXGroup section */
		3B18FA57160BA2B0008B0A8A = {
			isa = PBXGroup;
			children = (
				151D06C916405EB30009982B /* libz.dylib */,
				151D06C716405EA00009982B /* MobileCoreServices.framework */,
				151D06C516405E990009982B /* SystemConfiguration.framework */,
				151D06C216405E810009982B /* CFNetwork.framework */,
				3B18FA6C160BA2B0008B0A8A /* dotEx */,
				3B18FA8A160BA2B0008B0A8A /* dotExTests */,
				3B18FA65160BA2B0008B0A8A /* Frameworks */,
				3B18FA63160BA2B0008B0A8A /* Products */,
			);
			sourceTree = "<group>";
		};
		3B18FA63160BA2B0008B0A8A /* Products */ = {
			isa = PBXGroup;
			children = (
				3B18FA62160BA2B0008B0A8A /* dotEx.app */,
				3B18FA83160BA2B0008B0A8A /* dotExTests.octest */,
			);
			name = Products;
			sourceTree = "<group>";
		};
		3B18FA65160BA2B0008B0A8A /* Frameworks */ = {
			isa = PBXGroup;
			children = (
				3B18FA66160BA2B0008B0A8A /* UIKit.framework */,
				3B18FA68160BA2B0008B0A8A /* Foundation.framework */,
				3B18FA6A160BA2B0008B0A8A /* CoreGraphics.framework */,
				3B18FA84160BA2B0008B0A8A /* SenTestingKit.framework */,
			);
			name = Frameworks;
			sourceTree = "<group>";
		};
		3B18FA6C160BA2B0008B0A8A /* dotEx */ = {
			isa = PBXGroup;
			children = (
				3B18FA75160BA2B0008B0A8A /* dotExAppDelegate.h */,
				3B18FA76160BA2B0008B0A8A /* dotExAppDelegate.m */,
				3B18FA78160BA2B0008B0A8A /* MainStoryboard.storyboard */,
				3B18FA7B160BA2B0008B0A8A /* dotExViewController.h */,
				3B18FA7C160BA2B0008B0A8A /* dotExViewController.m */,
				3B18FA6D160BA2B0008B0A8A /* Supporting Files */,
			);
			path = dotEx;
			sourceTree = "<group>";
		};
		3B18FA6D160BA2B0008B0A8A /* Supporting Files */ = {
			isa = PBXGroup;
			children = (
				3B18FA6E160BA2B0008B0A8A /* dotEx-Info.plist */,
				3B18FA6F160BA2B0008B0A8A /* InfoPlist.strings */,
				3B18FA72160BA2B0008B0A8A /* main.m */,
				3B18FA74160BA2B0008B0A8A /* dotEx-Prefix.pch */,
			);
			name = "Supporting Files";
			sourceTree = "<group>";
		};
		3B18FA8A160BA2B0008B0A8A /* dotExTests */ = {
			isa = PBXGroup;
			children = (
				3B18FA90160BA2B0008B0A8A /* dotExTests.h */,
				3B18FA91160BA2B0008B0A8A /* dotExTests.m */,
				3B18FA8B160BA2B0008B0A8A /* Supporting Files */,
			);
			path = dotExTests;
			sourceTree = "<group>";
		};
		3B18FA8B160BA2B0008B0A8A /* Supporting Files */ = {
			isa = PBXGroup;
			children = (
				3B18FA8C160BA2B0008B0A8A /* dotExTests-Info.plist */,
				3B18FA8D160BA2B0008B0A8A /* InfoPlist.strings */,
			);
			name = "Supporting Files";
			sourceTree = "<group>";
		};
/* End PBXGroup section */

/* Begin PBXNativeTarget section */
		3B18FA61160BA2B0008B0A8A /* dotEx */ = {
			isa = PBXNativeTarget;
			buildConfigurationList = 3B18FA95160BA2B0008B0A8A /* Build configuration list for PBXNativeTarget "dotEx" */;
			buildPhases = (
				3B18FA5E160BA2B0008B0A8A /* Sources */,
				3B18FA5F160BA2B0008B0A8A /* Frameworks */,
				3B18FA60160BA2B0008B0A8A /* Resources */,
			);
			buildRules = (
			);
			dependencies = (
			);
			name = dotEx;
			productName = dotEx;
			productReference = 3B18FA62160BA2B0008B0A8A /* dotEx.app */;
			productType = "com.apple.product-type.application";
		};
		3B18FA82160BA2B0008B0A8A /* dotExTests */ = {
			isa = PBXNativeTarget;
			buildConfigurationList = 3B18FA98160BA2B0008B0A8A /* Build configuration list for PBXNativeTarget "dotExTests" */;
			buildPhases = (
				3B18FA7E160BA2B0008B0A8A /* Sources */,
				3B18FA7F160BA2B0008B0A8A /* Frameworks */,
				3B18FA80160BA2B0008B0A8A /* Resources */,
				3B18FA81160BA2B0008B0A8A /* ShellScript */,
			);
			buildRules = (
			);
			dependencies = (
				3B18FA89160BA2B0008B0A8A /* PBXTargetDependency */,
			);
			name = dotExTests;
			productName = dotExTests;
			productReference = 3B18FA83160BA2B0008B0A8A /* dotExTests.octest */;
			productType = "com.apple.product-type.bundle";
		};
/* End PBXNativeTarget section */

/* Begin PBXProject section */
		3B18FA59160BA2B0008B0A8A /* Project object */ = {
			isa = PBXProject;
			attributes = {
				CLASSPREFIX = dotEx;
				LastUpgradeCheck = 0440;
				ORGANIZATIONNAME = "fuzzy-nian-ninja";
			};
			buildConfigurationList = 3B18FA5C160BA2B0008B0A8A /* Build configuration list for PBXProject "dotEx" */;
			compatibilityVersion = "Xcode 3.2";
			developmentRegion = English;
			hasScannedForEncodings = 0;
			knownRegions = (
				en,
			);
			mainGroup = 3B18FA57160BA2B0008B0A8A;
			productRefGroup = 3B18FA63160BA2B0008B0A8A /* Products */;
			projectDirPath = "";
			projectRoot = "";
			targets = (
				3B18FA61160BA2B0008B0A8A /* dotEx */,
				3B18FA82160BA2B0008B0A8A /* dotExTests */,
			);
		};
/* End PBXProject section */

/* Begin PBXResourcesBuildPhase section */
		3B18FA60160BA2B0008B0A8A /* Resources */ = {
			isa = PBXResourcesBuildPhase;
			buildActionMask = 2147483647;
			files = (
				3B18FA71160BA2B0008B0A8A /* InfoPlist.strings in Resources */,
				3B18FA7A160BA2B0008B0A8A /* MainStoryboard.storyboard in Resources */,
			);
			runOnlyForDeploymentPostprocessing = 0;
		};
		3B18FA80160BA2B0008B0A8A /* Resources */ = {
			isa = PBXResourcesBuildPhase;
			buildActionMask = 2147483647;
			files = (
				3B18FA8F160BA2B0008B0A8A /* InfoPlist.strings in Resources */,
			);
			runOnlyForDeploymentPostprocessing = 0;
		};
/* End PBXResourcesBuildPhase section */

/* Begin PBXShellScriptBuildPhase section */
		3B18FA81160BA2B0008B0A8A /* ShellScript */ = {
			isa = PBXShellScriptBuildPhase;
			buildActionMask = 2147483647;
			files = (
			);
			inputPaths = (
			);
			outputPaths = (
			);
			runOnlyForDeploymentPostprocessing = 0;
			shellPath = /bin/sh;
			shellScript = "# Run the unit tests in this test bundle.\n\"${SYSTEM_DEVELOPER_DIR}/Tools/RunUnitTests\"\n";
		};
/* End PBXShellScriptBuildPhase section */

/* Begin PBXSourcesBuildPhase section */
		3B18FA5E160BA2B0008B0A8A /* Sources */ = {
			isa = PBXSourcesBuildPhase;
			buildActionMask = 2147483647;
			files = (
				3B18FA73160BA2B0008B0A8A /* main.m in Sources */,
				3B18FA77160BA2B0008B0A8A /* dotExAppDelegate.m in Sources */,
				3B18FA7D160BA2B0008B0A8A /* dotExViewController.m in Sources */,
			);
			runOnlyForDeploymentPostprocessing = 0;
		};
		3B18FA7E160BA2B0008B0A8A /* Sources */ = {
			isa = PBXSourcesBuildPhase;
			buildActionMask = 2147483647;
			files = (
				3B18FA92160BA2B0008B0A8A /* dotExTests.m in Sources */,
			);
			runOnlyForDeploymentPostprocessing = 0;
		};
/* End PBXSourcesBuildPhase section */

/* Begin PBXTargetDependency section */
		3B18FA89160BA2B0008B0A8A /* PBXTargetDependency */ = {
			isa = PBXTargetDependency;
			target = 3B18FA61160BA2B0008B0A8A /* dotEx */;
			targetProxy = 3B18FA88160BA2B0008B0A8A /* PBXContainerItemProxy */;
		};
/* End PBXTargetDependency section */

/* Begin PBXVariantGroup section */
		3B18FA6F160BA2B0008B0A8A /* InfoPlist.strings */ = {
			isa = PBXVariantGroup;
			children = (
				3B18FA70160BA2B0008B0A8A /* en */,
			);
			name = InfoPlist.strings;
			sourceTree = "<group>";
		};
		3B18FA78160BA2B0008B0A8A /* MainStoryboard.storyboard */ = {
			isa = PBXVariantGroup;
			children = (
				3B18FA79160BA2B0008B0A8A /* en */,
			);
			name = MainStoryboard.storyboard;
			sourceTree = "<group>";
		};
		3B18FA8D160BA2B0008B0A8A /* InfoPlist.strings */ = {
			isa = PBXVariantGroup;
			children = (
				3B18FA8E160BA2B0008B0A8A /* en */,
			);
			name = InfoPlist.strings;
			sourceTree = "<group>";
		};
/* End PBXVariantGroup section */

/* Begin XCBuildConfiguration section */
		3B18FA93160BA2B0008B0A8A /* Debug */ = {
			isa = XCBuildConfiguration;
			buildSettings = {
				ALWAYS_SEARCH_USER_PATHS = NO;
				ARCHS = "$(ARCHS_STANDARD_32_BIT)";
				CLANG_CXX_LANGUAGE_STANDARD = "gnu++0x";
				CLANG_ENABLE_OBJC_ARC = YES;
				CLANG_WARN__DUPLICATE_METHOD_MATCH = YES;
				"CODE_SIGN_IDENTITY[sdk=iphoneos*]" = "iPhone Developer";
				COPY_PHASE_STRIP = NO;
				GCC_C_LANGUAGE_STANDARD = gnu99;
				GCC_DYNAMIC_NO_PIC = NO;
				GCC_OPTIMIZATION_LEVEL = 0;
				GCC_PREPROCESSOR_DEFINITIONS = (
					"DEBUG=1",
					"$(inherited)",
				);
				GCC_SYMBOLS_PRIVATE_EXTERN = NO;
				GCC_VERSION = com.apple.compilers.llvm.clang.1_0;
				GCC_WARN_ABOUT_RETURN_TYPE = YES;
				GCC_WARN_UNINITIALIZED_AUTOS = YES;
				GCC_WARN_UNUSED_VARIABLE = YES;
				IPHONEOS_DEPLOYMENT_TARGET = 5.1;
				SDKROOT = iphoneos;
			};
			name = Debug;
		};
		3B18FA94160BA2B0008B0A8A /* Release */ = {
			isa = XCBuildConfiguration;
			buildSettings = {
				ALWAYS_SEARCH_USER_PATHS = NO;
				ARCHS = "$(ARCHS_STANDARD_32_BIT)";
				CLANG_CXX_LANGUAGE_STANDARD = "gnu++0x";
				CLANG_ENABLE_OBJC_ARC = YES;
				CLANG_WARN__DUPLICATE_METHOD_MATCH = YES;
				"CODE_SIGN_IDENTITY[sdk=iphoneos*]" = "iPhone Developer";
				COPY_PHASE_STRIP = YES;
				GCC_C_LANGUAGE_STANDARD = gnu99;
				GCC_VERSION = com.apple.compilers.llvm.clang.1_0;
				GCC_WARN_ABOUT_RETURN_TYPE = YES;
				GCC_WARN_UNINITIALIZED_AUTOS = YES;
				GCC_WARN_UNUSED_VARIABLE = YES;
				IPHONEOS_DEPLOYMENT_TARGET = 5.1;
				OTHER_CFLAGS = "-DNS_BLOCK_ASSERTIONS=1";
				SDKROOT = iphoneos;
				VALIDATE_PRODUCT = YES;
			};
			name = Release;
		};
		3B18FA96160BA2B0008B0A8A /* Debug */ = {
			isa = XCBuildConfiguration;
			buildSettings = {
				GCC_PRECOMPILE_PREFIX_HEADER = YES;
				GCC_PREFIX_HEADER = "dotEx/dotEx-Prefix.pch";
				INFOPLIST_FILE = "dotEx/dotEx-Info.plist";
				PRODUCT_NAME = "$(TARGET_NAME)";
				WRAPPER_EXTENSION = app;
			};
			name = Debug;
		};
		3B18FA97160BA2B0008B0A8A /* Release */ = {
			isa = XCBuildConfiguration;
			buildSettings = {
				GCC_PRECOMPILE_PREFIX_HEADER = YES;
				GCC_PREFIX_HEADER = "dotEx/dotEx-Prefix.pch";
				INFOPLIST_FILE = "dotEx/dotEx-Info.plist";
				PRODUCT_NAME = "$(TARGET_NAME)";
				WRAPPER_EXTENSION = app;
			};
			name = Release;
		};
		3B18FA99160BA2B0008B0A8A /* Debug */ = {
			isa = XCBuildConfiguration;
			buildSettings = {
				BUNDLE_LOADER = "$(BUILT_PRODUCTS_DIR)/dotEx.app/dotEx";
				FRAMEWORK_SEARCH_PATHS = (
					"\"$(SDKROOT)/Developer/Library/Frameworks\"",
					"\"$(DEVELOPER_LIBRARY_DIR)/Frameworks\"",
				);
				GCC_PRECOMPILE_PREFIX_HEADER = YES;
				GCC_PREFIX_HEADER = "dotEx/dotEx-Prefix.pch";
				INFOPLIST_FILE = "dotExTests/dotExTests-Info.plist";
				PRODUCT_NAME = "$(TARGET_NAME)";
				TEST_HOST = "$(BUNDLE_LOADER)";
				WRAPPER_EXTENSION = octest;
			};
			name = Debug;
		};
		3B18FA9A160BA2B0008B0A8A /* Release */ = {
			isa = XCBuildConfiguration;
			buildSettings = {
				BUNDLE_LOADER = "$(BUILT_PRODUCTS_DIR)/dotEx.app/dotEx";
				FRAMEWORK_SEARCH_PATHS = (
					"\"$(SDKROOT)/Developer/Library/Frameworks\"",
					"\"$(DEVELOPER_LIBRARY_DIR)/Frameworks\"",
				);
				GCC_PRECOMPILE_PREFIX_HEADER = YES;
				GCC_PREFIX_HEADER = "dotEx/dotEx-Prefix.pch";
				INFOPLIST_FILE = "dotExTests/dotExTests-Info.plist";
				PRODUCT_NAME = "$(TARGET_NAME)";
				TEST_HOST = "$(BUNDLE_LOADER)";
				WRAPPER_EXTENSION = octest;
			};
			name = Release;
		};
/* End XCBuildConfiguration section */

/* Begin XCConfigurationList section */
		3B18FA5C160BA2B0008B0A8A /* Build configuration list for PBXProject "dotEx" */ = {
			isa = XCConfigurationList;
			buildConfigurations = (
				3B18FA93160BA2B0008B0A8A /* Debug */,
				3B18FA94160BA2B0008B0A8A /* Release */,
			);
			defaultConfigurationIsVisible = 0;
			defaultConfigurationName = Release;
		};
		3B18FA95160BA2B0008B0A8A /* Build configuration list for PBXNativeTarget "dotEx" */ = {
			isa = XCConfigurationList;
			buildConfigurations = (
				3B18FA96160BA2B0008B0A8A /* Debug */,
				3B18FA97160BA2B0008B0A8A /* Release */,
			);
			defaultConfigurationIsVisible = 0;
			defaultConfigurationName = Release;
		};
		3B18FA98160BA2B0008B0A8A /* Build configuration list for PBXNativeTarget "dotExTests" */ = {
			isa = XCConfigurationList;
			buildConfigurations = (
				3B18FA99160BA2B0008B0A8A /* Debug */,
				3B18FA9A160BA2B0008B0A8A /* Release */,
			);
			defaultConfigurationIsVisible = 0;
			defaultConfigurationName = Release;
		};
/* End XCConfigurationList section */
	};
	rootObject = 3B18FA59160BA2B0008B0A8A /* Project object */;
}
